
Microsoft Visual Studio Solution File, Format Version 12.00
# Visual Studio Version 17
VisualStudioVersion = 17.5.002.0
MinimumVisualStudioVersion = 10.0.40219.1
Project("{9A19103F-16F7-4668-BE54-9A1E7A4F7556}") = "TestSQL", "TestSQL.csproj", "{C0243ADE-6860-4871-BA42-F664DF7227EE}"
EndProject
Global
	GlobalSection(SolutionConfigurationPlatforms) = preSolution
		Debug|Any CPU = Debug|Any CPU
		Release|Any CPU = Release|Any CPU
	EndGlobalSection
	GlobalSection(ProjectConfigurationPlatforms) = postSolution
		{C0243ADE-6860-4871-BA42-F664DF7227EE}.Debug|Any CPU.ActiveCfg = Debug|Any CPU
		{C0243ADE-6860-4871-BA42-F664DF7227EE}.Debug|Any CPU.Build.0 = Debug|Any CPU
		{C0243ADE-6860-4871-BA42-F664DF7227EE}.Release|Any CPU.ActiveCfg = Release|Any CPU
		{C0243ADE-6860-4871-BA42-F664DF7227EE}.Release|Any CPU.Build.0 = Release|Any CPU
	EndGlobalSection
	GlobalSection(SolutionProperties) = preSolution
		HideSolutionNode = FALSE
	EndGlobalSection
	GlobalSection(ExtensibilityGlobals) = postSolution
		SolutionGuid = {67DAB746-FB11-4A73-844A-A3B485509036}
	EndGlobalSection
EndGlobal
